// !$*UTF8*$!
{
	archiveVersion = 1;
	classes = {
	};
	objectVersion = 56;
	objects = {

/* Begin PBXBuildFile section */
		39A719892B5A58F000A2A606 /* AppDelegate.swift in Sources */ = {isa = PBXBuildFile; fileRef = 39A719882B5A58F000A2A606 /* AppDelegate.swift */; };
		39A7198B2B5A58F000A2A606 /* SceneDelegate.swift in Sources */ = {isa = PBXBuildFile; fileRef = 39A7198A2B5A58F000A2A606 /* SceneDelegate.swift */; };
		39A719902B5A58F000A2A606 /* Main.storyboard in Resources */ = {isa = PBXBuildFile; fileRef = 39A7198E2B5A58F000A2A606 /* Main.storyboard */; };
		39A719922B5A58F200A2A606 /* Assets.xcassets in Resources */ = {isa = PBXBuildFile; fileRef = 39A719912B5A58F200A2A606 /* Assets.xcassets */; };
		39A7199F2B5A5C0000A2A606 /* TasksViewController.swift in Sources */ = {isa = PBXBuildFile; fileRef = 39A7199E2B5A5C0000A2A606 /* TasksViewController.swift */; };
		39A719A32B5A5C6A00A2A606 /* TaskViewCell.swift in Sources */ = {isa = PBXBuildFile; fileRef = 39A719A12B5A5C6A00A2A606 /* TaskViewCell.swift */; };
		39A719A42B5A5C6A00A2A606 /* TaskViewCell.xib in Resources */ = {isa = PBXBuildFile; fileRef = 39A719A22B5A5C6A00A2A606 /* TaskViewCell.xib */; };
		39A719A62B5A5D2900A2A606 /* CheckBox.swift in Sources */ = {isa = PBXBuildFile; fileRef = 39A719A52B5A5D2900A2A606 /* CheckBox.swift */; };
		39A719AB2B5A5F4A00A2A606 /* Task.swift in Sources */ = {isa = PBXBuildFile; fileRef = 39A719AA2B5A5F4A00A2A606 /* Task.swift */; };
		39A719AE2B5A5F7800A2A606 /* TableView+Extensions.swift in Sources */ = {isa = PBXBuildFile; fileRef = 39A719AD2B5A5F7800A2A606 /* TableView+Extensions.swift */; };
		6A10EAD02B629550003CC558 /* LocalNotifications.swift in Sources */ = {isa = PBXBuildFile; fileRef = 6A10EACF2B629550003CC558 /* LocalNotifications.swift */; };
		6A77C8F82B5FCC8F00B070CE /* StorageManager.swift in Sources */ = {isa = PBXBuildFile; fileRef = 6A77C8F72B5FCC8F00B070CE /* StorageManager.swift */; };
		6A77C8FB2B5FF7F900B070CE /* TaskDetailViewController.swift in Sources */ = {isa = PBXBuildFile; fileRef = 6A77C8FA2B5FF7F900B070CE /* TaskDetailViewController.swift */; };
		6A7F273A2B63905700C80F31 /* StartingViewController.swift in Sources */ = {isa = PBXBuildFile; fileRef = 6A7F27392B63905700C80F31 /* StartingViewController.swift */; };
/* End PBXBuildFile section */

/* Begin PBXFileReference section */
		39A719852B5A58F000A2A606 /* Daily Tasks.app */ = {isa = PBXFileReference; explicitFileType = wrapper.application; includeInIndex = 0; path = "Daily Tasks.app"; sourceTree = BUILT_PRODUCTS_DIR; };
		39A719882B5A58F000A2A606 /* AppDelegate.swift */ = {isa = PBXFileReference; lastKnownFileType = sourcecode.swift; path = AppDelegate.swift; sourceTree = "<group>"; };
		39A7198A2B5A58F000A2A606 /* SceneDelegate.swift */ = {isa = PBXFileReference; lastKnownFileType = sourcecode.swift; path = SceneDelegate.swift; sourceTree = "<group>"; };
		39A7198F2B5A58F000A2A606 /* Base */ = {isa = PBXFileReference; lastKnownFileType = file.storyboard; name = Base; path = Base.lproj/Main.storyboard; sourceTree = "<group>"; };
		39A719912B5A58F200A2A606 /* Assets.xcassets */ = {isa = PBXFileReference; lastKnownFileType = folder.assetcatalog; path = Assets.xcassets; sourceTree = "<group>"; };
		39A719962B5A58F200A2A606 /* Info.plist */ = {isa = PBXFileReference; lastKnownFileType = text.plist.xml; path = Info.plist; sourceTree = "<group>"; };
		39A7199E2B5A5C0000A2A606 /* TasksViewController.swift */ = {isa = PBXFileReference; lastKnownFileType = sourcecode.swift; path = TasksViewController.swift; sourceTree = "<group>"; };
		39A719A12B5A5C6A00A2A606 /* TaskViewCell.swift */ = {isa = PBXFileReference; lastKnownFileType = sourcecode.swift; path = TaskViewCell.swift; sourceTree = "<group>"; };
		39A719A22B5A5C6A00A2A606 /* TaskViewCell.xib */ = {isa = PBXFileReference; lastKnownFileType = file.xib; path = TaskViewCell.xib; sourceTree = "<group>"; };
		39A719A52B5A5D2900A2A606 /* CheckBox.swift */ = {isa = PBXFileReference; lastKnownFileType = sourcecode.swift; path = CheckBox.swift; sourceTree = "<group>"; };
		39A719AA2B5A5F4A00A2A606 /* Task.swift */ = {isa = PBXFileReference; lastKnownFileType = sourcecode.swift; path = Task.swift; sourceTree = "<group>"; };
		39A719AD2B5A5F7800A2A606 /* TableView+Extensions.swift */ = {isa = PBXFileReference; lastKnownFileType = sourcecode.swift; path = "TableView+Extensions.swift"; sourceTree = "<group>"; };
		6A10EACF2B629550003CC558 /* LocalNotifications.swift */ = {isa = PBXFileReference; lastKnownFileType = sourcecode.swift; path = LocalNotifications.swift; sourceTree = "<group>"; };
		6A77C8F72B5FCC8F00B070CE /* StorageManager.swift */ = {isa = PBXFileReference; lastKnownFileType = sourcecode.swift; path = StorageManager.swift; sourceTree = "<group>"; };
		6A77C8FA2B5FF7F900B070CE /* TaskDetailViewController.swift */ = {isa = PBXFileReference; lastKnownFileType = sourcecode.swift; path = TaskDetailViewController.swift; sourceTree = "<group>"; };
		6A7F27392B63905700C80F31 /* StartingViewController.swift */ = {isa = PBXFileReference; lastKnownFileType = sourcecode.swift; path = StartingViewController.swift; sourceTree = "<group>"; };
/* End PBXFileReference section */

/* Begin PBXFrameworksBuildPhase section */
		39A719822B5A58F000A2A606 /* Frameworks */ = {
			isa = PBXFrameworksBuildPhase;
			buildActionMask = 2147483647;
			files = (
			);
			runOnlyForDeploymentPostprocessing = 0;
		};
/* End PBXFrameworksBuildPhase section */

/* Begin PBXGroup section */
		39A7197C2B5A58F000A2A606 = {
			isa = PBXGroup;
			children = (
				39A719872B5A58F000A2A606 /* Daily Tasks */,
				39A719862B5A58F000A2A606 /* Products */,
			);
			sourceTree = "<group>";
		};
		39A719862B5A58F000A2A606 /* Products */ = {
			isa = PBXGroup;
			children = (
				39A719852B5A58F000A2A606 /* Daily Tasks.app */,
			);
			name = Products;
			sourceTree = "<group>";
		};
		39A719872B5A58F000A2A606 /* Daily Tasks */ = {
			isa = PBXGroup;
			children = (
				6A10EACE2B629535003CC558 /* LocalNotifications */,
				6A77C8F92B5FDE4C00B070CE /* StorageManager */,
				39A719B32B5A60D500A2A606 /* CheckBox */,
				39A719B22B5A60C900A2A606 /* Storyboard */,
				39A719B12B5A60B500A2A606 /* Controllers */,
				39A719B02B5A60A100A2A606 /* Application */,
				39A719AF2B5A606700A2A606 /* Resources */,
				39A719AC2B5A5F5C00A2A606 /* Extensions */,
				39A719A92B5A5F3900A2A606 /* Model */,
				39A719A02B5A5C4900A2A606 /* TaskViewCell */,
			);
			path = "Daily Tasks";
			sourceTree = "<group>";
		};
		39A719A02B5A5C4900A2A606 /* TaskViewCell */ = {
			isa = PBXGroup;
			children = (
				39A719A12B5A5C6A00A2A606 /* TaskViewCell.swift */,
				39A719A22B5A5C6A00A2A606 /* TaskViewCell.xib */,
			);
			path = TaskViewCell;
			sourceTree = "<group>";
		};
		39A719A92B5A5F3900A2A606 /* Model */ = {
			isa = PBXGroup;
			children = (
				39A719AA2B5A5F4A00A2A606 /* Task.swift */,
			);
			path = Model;
			sourceTree = "<group>";
		};
		39A719AC2B5A5F5C00A2A606 /* Extensions */ = {
			isa = PBXGroup;
			children = (
				39A719AD2B5A5F7800A2A606 /* TableView+Extensions.swift */,
			);
			path = Extensions;
			sourceTree = "<group>";
		};
		39A719AF2B5A606700A2A606 /* Resources */ = {
			isa = PBXGroup;
			children = (
				39A719962B5A58F200A2A606 /* Info.plist */,
				39A719912B5A58F200A2A606 /* Assets.xcassets */,
			);
			path = Resources;
			sourceTree = "<group>";
		};
		39A719B02B5A60A100A2A606 /* Application */ = {
			isa = PBXGroup;
			children = (
				39A719882B5A58F000A2A606 /* AppDelegate.swift */,
				39A7198A2B5A58F000A2A606 /* SceneDelegate.swift */,
			);
			path = Application;
			sourceTree = "<group>";
		};
		39A719B12B5A60B500A2A606 /* Controllers */ = {
			isa = PBXGroup;
			children = (
				6A7F27392B63905700C80F31 /* StartingViewController.swift */,
				39A7199E2B5A5C0000A2A606 /* TasksViewController.swift */,
				6A77C8FA2B5FF7F900B070CE /* TaskDetailViewController.swift */,
			);
			path = Controllers;
			sourceTree = "<group>";
		};
		39A719B22B5A60C900A2A606 /* Storyboard */ = {
			isa = PBXGroup;
			children = (
				39A7198E2B5A58F000A2A606 /* Main.storyboard */,
			);
			path = Storyboard;
			sourceTree = "<group>";
		};
		39A719B32B5A60D500A2A606 /* CheckBox */ = {
			isa = PBXGroup;
			children = (
				39A719A52B5A5D2900A2A606 /* CheckBox.swift */,
			);
			path = CheckBox;
			sourceTree = "<group>";
		};
		6A10EACE2B629535003CC558 /* LocalNotifications */ = {
			isa = PBXGroup;
			children = (
				6A10EACF2B629550003CC558 /* LocalNotifications.swift */,
			);
			path = LocalNotifications;
			sourceTree = "<group>";
		};
		6A77C8F92B5FDE4C00B070CE /* StorageManager */ = {
			isa = PBXGroup;
			children = (
				6A77C8F72B5FCC8F00B070CE /* StorageManager.swift */,
			);
			path = StorageManager;
			sourceTree = "<group>";
		};
/* End PBXGroup section */

/* Begin PBXNativeTarget section */
		39A719842B5A58F000A2A606 /* Daily Tasks */ = {
			isa = PBXNativeTarget;
			buildConfigurationList = 39A719992B5A58F200A2A606 /* Build configuration list for PBXNativeTarget "Daily Tasks" */;
			buildPhases = (
				39A719812B5A58F000A2A606 /* Sources */,
				39A719822B5A58F000A2A606 /* Frameworks */,
				39A719832B5A58F000A2A606 /* Resources */,
			);
			buildRules = (
			);
			dependencies = (
			);
			name = "Daily Tasks";
			productName = TaskManagerApp;
			productReference = 39A719852B5A58F000A2A606 /* Daily Tasks.app */;
			productType = "com.apple.product-type.application";
		};
/* End PBXNativeTarget section */

/* Begin PBXProject section */
		39A7197D2B5A58F000A2A606 /* Project object */ = {
			isa = PBXProject;
			attributes = {
				BuildIndependentTargetsInParallel = 1;
				LastSwiftUpdateCheck = 1520;
				LastUpgradeCheck = 1520;
				TargetAttributes = {
					39A719842B5A58F000A2A606 = {
						CreatedOnToolsVersion = 15.2;
					};
				};
			};
			buildConfigurationList = 39A719802B5A58F000A2A606 /* Build configuration list for PBXProject "Daily Tasks" */;
			compatibilityVersion = "Xcode 14.0";
			developmentRegion = en;
			hasScannedForEncodings = 0;
			knownRegions = (
				en,
				Base,
			);
			mainGroup = 39A7197C2B5A58F000A2A606;
			productRefGroup = 39A719862B5A58F000A2A606 /* Products */;
			projectDirPath = "";
			projectRoot = "";
			targets = (
				39A719842B5A58F000A2A606 /* Daily Tasks */,
			);
		};
/* End PBXProject section */

/* Begin PBXResourcesBuildPhase section */
		39A719832B5A58F000A2A606 /* Resources */ = {
			isa = PBXResourcesBuildPhase;
			buildActionMask = 2147483647;
			files = (
				39A719922B5A58F200A2A606 /* Assets.xcassets in Resources */,
				39A719902B5A58F000A2A606 /* Main.storyboard in Resources */,
				39A719A42B5A5C6A00A2A606 /* TaskViewCell.xib in Resources */,
			);
			runOnlyForDeploymentPostprocessing = 0;
		};
/* End PBXResourcesBuildPhase section */

/* Begin PBXSourcesBuildPhase section */
		39A719812B5A58F000A2A606 /* Sources */ = {
			isa = PBXSourcesBuildPhase;
			buildActionMask = 2147483647;
			files = (
				6A10EAD02B629550003CC558 /* LocalNotifications.swift in Sources */,
				39A719A32B5A5C6A00A2A606 /* TaskViewCell.swift in Sources */,
				6A77C8F82B5FCC8F00B070CE /* StorageManager.swift in Sources */,
				39A719892B5A58F000A2A606 /* AppDelegate.swift in Sources */,
				39A719A62B5A5D2900A2A606 /* CheckBox.swift in Sources */,
				6A77C8FB2B5FF7F900B070CE /* TaskDetailViewController.swift in Sources */,
				39A7199F2B5A5C0000A2A606 /* TasksViewController.swift in Sources */,
				39A7198B2B5A58F000A2A606 /* SceneDelegate.swift in Sources */,
				39A719AE2B5A5F7800A2A606 /* TableView+Extensions.swift in Sources */,
				6A7F273A2B63905700C80F31 /* StartingViewController.swift in Sources */,
				39A719AB2B5A5F4A00A2A606 /* Task.swift in Sources */,
			);
			runOnlyForDeploymentPostprocessing = 0;
		};
/* End PBXSourcesBuildPhase section */

/* Begin PBXVariantGroup section */
		39A7198E2B5A58F000A2A606 /* Main.storyboard */ = {
			isa = PBXVariantGroup;
			children = (
				39A7198F2B5A58F000A2A606 /* Base */,
			);
			name = Main.storyboard;
			sourceTree = "<group>";
		};
/* End PBXVariantGroup section */

/* Begin XCBuildConfiguration section */
		39A719972B5A58F200A2A606 /* Debug */ = {
			isa = XCBuildConfiguration;
			buildSettings = {
				ALWAYS_SEARCH_USER_PATHS = NO;
				ASSETCATALOG_COMPILER_GENERATE_SWIFT_ASSET_SYMBOL_EXTENSIONS = YES;
				CLANG_ANALYZER_NONNULL = YES;
				CLANG_ANALYZER_NUMBER_OBJECT_CONVERSION = YES_AGGRESSIVE;
				CLANG_CXX_LANGUAGE_STANDARD = "gnu++20";
				CLANG_ENABLE_MODULES = YES;
				CLANG_ENABLE_OBJC_ARC = YES;
				CLANG_ENABLE_OBJC_WEAK = YES;
				CLANG_WARN_BLOCK_CAPTURE_AUTORELEASING = YES;
				CLANG_WARN_BOOL_CONVERSION = YES;
				CLANG_WARN_COMMA = YES;
				CLANG_WARN_CONSTANT_CONVERSION = YES;
				CLANG_WARN_DEPRECATED_OBJC_IMPLEMENTATIONS = YES;
				CLANG_WARN_DIRECT_OBJC_ISA_USAGE = YES_ERROR;
				CLANG_WARN_DOCUMENTATION_COMMENTS = YES;
				CLANG_WARN_EMPTY_BODY = YES;
				CLANG_WARN_ENUM_CONVERSION = YES;
				CLANG_WARN_INFINITE_RECURSION = YES;
				CLANG_WARN_INT_CONVERSION = YES;
				CLANG_WARN_NON_LITERAL_NULL_CONVERSION = YES;
				CLANG_WARN_OBJC_IMPLICIT_RETAIN_SELF = YES;
				CLANG_WARN_OBJC_LITERAL_CONVERSION = YES;
				CLANG_WARN_OBJC_ROOT_CLASS = YES_ERROR;
				CLANG_WARN_QUOTED_INCLUDE_IN_FRAMEWORK_HEADER = YES;
				CLANG_WARN_RANGE_LOOP_ANALYSIS = YES;
				CLANG_WARN_STRICT_PROTOTYPES = YES;
				CLANG_WARN_SUSPICIOUS_MOVE = YES;
				CLANG_WARN_UNGUARDED_AVAILABILITY = YES_AGGRESSIVE;
				CLANG_WARN_UNREACHABLE_CODE = YES;
				CLANG_WARN__DUPLICATE_METHOD_MATCH = YES;
				COPY_PHASE_STRIP = NO;
				DEBUG_INFORMATION_FORMAT = dwarf;
				ENABLE_STRICT_OBJC_MSGSEND = YES;
				ENABLE_TESTABILITY = YES;
				ENABLE_USER_SCRIPT_SANDBOXING = NO;
				GCC_C_LANGUAGE_STANDARD = gnu17;
				GCC_DYNAMIC_NO_PIC = NO;
				GCC_NO_COMMON_BLOCKS = YES;
				GCC_OPTIMIZATION_LEVEL = 0;
				GCC_PREPROCESSOR_DEFINITIONS = (
					"DEBUG=1",
					"$(inherited)",
				);
				GCC_WARN_64_TO_32_BIT_CONVERSION = YES;
				GCC_WARN_ABOUT_RETURN_TYPE = YES_ERROR;
				GCC_WARN_UNDECLARED_SELECTOR = YES;
				GCC_WARN_UNINITIALIZED_AUTOS = YES_AGGRESSIVE;
				GCC_WARN_UNUSED_FUNCTION = YES;
				GCC_WARN_UNUSED_VARIABLE = YES;
				IPHONEOS_DEPLOYMENT_TARGET = 17.2;
				LOCALIZATION_PREFERS_STRING_CATALOGS = YES;
				MTL_ENABLE_DEBUG_INFO = INCLUDE_SOURCE;
				MTL_FAST_MATH = YES;
				ONLY_ACTIVE_ARCH = YES;
				SDKROOT = iphoneos;
				SWIFT_ACTIVE_COMPILATION_CONDITIONS = "DEBUG $(inherited)";
				SWIFT_OPTIMIZATION_LEVEL = "-Onone";
			};
			name = Debug;
		};
		39A719982B5A58F200A2A606 /* Release */ = {
			isa = XCBuildConfiguration;
			buildSettings = {
				ALWAYS_SEARCH_USER_PATHS = NO;
				ASSETCATALOG_COMPILER_GENERATE_SWIFT_ASSET_SYMBOL_EXTENSIONS = YES;
				CLANG_ANALYZER_NONNULL = YES;
				CLANG_ANALYZER_NUMBER_OBJECT_CONVERSION = YES_AGGRESSIVE;
				CLANG_CXX_LANGUAGE_STANDARD = "gnu++20";
				CLANG_ENABLE_MODULES = YES;
				CLANG_ENABLE_OBJC_ARC = YES;
				CLANG_ENABLE_OBJC_WEAK = YES;
				CLANG_WARN_BLOCK_CAPTURE_AUTORELEASING = YES;
				CLANG_WARN_BOOL_CONVERSION = YES;
				CLANG_WARN_COMMA = YES;
				CLANG_WARN_CONSTANT_CONVERSION = YES;
				CLANG_WARN_DEPRECATED_OBJC_IMPLEMENTATIONS = YES;
				CLANG_WARN_DIRECT_OBJC_ISA_USAGE = YES_ERROR;
				CLANG_WARN_DOCUMENTATION_COMMENTS = YES;
				CLANG_WARN_EMPTY_BODY = YES;
				CLANG_WARN_ENUM_CONVERSION = YES;
				CLANG_WARN_INFINITE_RECURSION = YES;
				CLANG_WARN_INT_CONVERSION = YES;
				CLANG_WARN_NON_LITERAL_NULL_CONVERSION = YES;
				CLANG_WARN_OBJC_IMPLICIT_RETAIN_SELF = YES;
				CLANG_WARN_OBJC_LITERAL_CONVERSION = YES;
				CLANG_WARN_OBJC_ROOT_CLASS = YES_ERROR;
				CLANG_WARN_QUOTED_INCLUDE_IN_FRAMEWORK_HEADER = YES;
				CLANG_WARN_RANGE_LOOP_ANALYSIS = YES;
				CLANG_WARN_STRICT_PROTOTYPES = YES;
				CLANG_WARN_SUSPICIOUS_MOVE = YES;
				CLANG_WARN_UNGUARDED_AVAILABILITY = YES_AGGRESSIVE;
				CLANG_WARN_UNREACHABLE_CODE = YES;
				CLANG_WARN__DUPLICATE_METHOD_MATCH = YES;
				COPY_PHASE_STRIP = NO;
				DEBUG_INFORMATION_FORMAT = "dwarf-with-dsym";
				ENABLE_NS_ASSERTIONS = NO;
				ENABLE_STRICT_OBJC_MSGSEND = YES;
				ENABLE_USER_SCRIPT_SANDBOXING = NO;
				GCC_C_LANGUAGE_STANDARD = gnu17;
				GCC_NO_COMMON_BLOCKS = YES;
				GCC_WARN_64_TO_32_BIT_CONVERSION = YES;
				GCC_WARN_ABOUT_RETURN_TYPE = YES_ERROR;
				GCC_WARN_UNDECLARED_SELECTOR = YES;
				GCC_WARN_UNINITIALIZED_AUTOS = YES_AGGRESSIVE;
				GCC_WARN_UNUSED_FUNCTION = YES;
				GCC_WARN_UNUSED_VARIABLE = YES;
				IPHONEOS_DEPLOYMENT_TARGET = 17.2;
				LOCALIZATION_PREFERS_STRING_CATALOGS = YES;
				MTL_ENABLE_DEBUG_INFO = NO;
				MTL_FAST_MATH = YES;
				SDKROOT = iphoneos;
				SWIFT_COMPILATION_MODE = wholemodule;
				VALIDATE_PRODUCT = YES;
			};
			name = Release;
		};
		39A7199A2B5A58F200A2A606 /* Debug */ = {
			isa = XCBuildConfiguration;
			buildSettings = {
				ASSETCATALOG_COMPILER_APPICON_NAME = AppIcon;
				ASSETCATALOG_COMPILER_GLOBAL_ACCENT_COLOR_NAME = AccentColor;
				CODE_SIGN_STYLE = Automatic;
				CURRENT_PROJECT_VERSION = 1;
				DEVELOPMENT_TEAM = 6P7Q4CP8L7;
				GENERATE_INFOPLIST_FILE = YES;
				INFOPLIST_FILE = "Daily Tasks/Resources/Info.plist";
				INFOPLIST_KEY_UIApplicationSupportsIndirectInputEvents = YES;
				INFOPLIST_KEY_UILaunchStoryboardName = LaunchScreen;
				INFOPLIST_KEY_UIMainStoryboardFile = Main;
				INFOPLIST_KEY_UIRequiresFullScreen = YES;
				INFOPLIST_KEY_UISupportedInterfaceOrientations = UIInterfaceOrientationPortrait;
				IPHONEOS_DEPLOYMENT_TARGET = 14.0;
				LD_RUNPATH_SEARCH_PATHS = (
					"$(inherited)",
					"@executable_path/Frameworks",
				);
				MARKETING_VERSION = 1.0;
				PRODUCT_BUNDLE_IDENTIFIER = com.resourcesTestApp.TaskManagerApp;
				PRODUCT_NAME = "$(TARGET_NAME)";
				SUPPORTED_PLATFORMS = "iphoneos iphonesimulator";
				SUPPORTS_MACCATALYST = NO;
				SUPPORTS_MAC_DESIGNED_FOR_IPHONE_IPAD = NO;
				SUPPORTS_XR_DESIGNED_FOR_IPHONE_IPAD = NO;
				SWIFT_EMIT_LOC_STRINGS = YES;
				SWIFT_VERSION = 5.0;
				TARGETED_DEVICE_FAMILY = "1,2";
			};
			name = Debug;
		};
		39A7199B2B5A58F200A2A606 /* Release */ = {
			isa = XCBuildConfiguration;
			buildSettings = {
				ASSETCATALOG_COMPILER_APPICON_NAME = AppIcon;
				ASSETCATALOG_COMPILER_GLOBAL_ACCENT_COLOR_NAME = AccentColor;
				CODE_SIGN_STYLE = Automatic;
				CURRENT_PROJECT_VERSION = 1;
				DEVELOPMENT_TEAM = 6P7Q4CP8L7;
				GENERATE_INFOPLIST_FILE = YES;
				INFOPLIST_FILE = "Daily Tasks/Resources/Info.plist";
				INFOPLIST_KEY_UIApplicationSupportsIndirectInputEvents = YES;
				INFOPLIST_KEY_UILaunchStoryboardName = LaunchScreen;
				INFOPLIST_KEY_UIMainStoryboardFile = Main;
				INFOPLIST_KEY_UIRequiresFullScreen = YES;
				INFOPLIST_KEY_UISupportedInterfaceOrientations = UIInterfaceOrientationPortrait;
				IPHONEOS_DEPLOYMENT_TARGET = 14.0;
				LD_RUNPATH_SEARCH_PATHS = (
					"$(inherited)",
					"@executable_path/Frameworks",
				);
				MARKETING_VERSION = 1.0;
				PRODUCT_BUNDLE_IDENTIFIER = com.resourcesTestApp.TaskManagerApp;
				PRODUCT_NAME = "$(TARGET_NAME)";
				SUPPORTED_PLATFORMS = "iphoneos iphonesimulator";
				SUPPORTS_MACCATALYST = NO;
				SUPPORTS_MAC_DESIGNED_FOR_IPHONE_IPAD = NO;
				SUPPORTS_XR_DESIGNED_FOR_IPHONE_IPAD = NO;
				SWIFT_EMIT_LOC_STRINGS = YES;
				SWIFT_VERSION = 5.0;
				TARGETED_DEVICE_FAMILY = "1,2";
			};
			name = Release;
		};
/* End XCBuildConfiguration section */

/* Begin XCConfigurationList section */
		39A719802B5A58F000A2A606 /* Build configuration list for PBXProject "Daily Tasks" */ = {
			isa = XCConfigurationList;
			buildConfigurations = (
				39A719972B5A58F200A2A606 /* Debug */,
				39A719982B5A58F200A2A606 /* Release */,
			);
			defaultConfigurationIsVisible = 0;
			defaultConfigurationName = Release;
		};
		39A719992B5A58F200A2A606 /* Build configuration list for PBXNativeTarget "Daily Tasks" */ = {
			isa = XCConfigurationList;
			buildConfigurations = (
				39A7199A2B5A58F200A2A606 /* Debug */,
				39A7199B2B5A58F200A2A606 /* Release */,
			);
			defaultConfigurationIsVisible = 0;
			defaultConfigurationName = Release;
		};
/* End XCConfigurationList section */
	};
	rootObject = 39A7197D2B5A58F000A2A606 /* Project object */;
}
